
Microsoft Visual Studio Solution File, Format Version 12.00
# Visual Studio Version 16
VisualStudioVersion = 16.0.29806.167
MinimumVisualStudioVersion = 10.0.40219.1
Project("{FAE04EC0-301F-11D3-BF4B-00C04F79EFBC}") = "STGchannelMVC", "STGchannelMVC\STGchannelMVC.csproj", "{CCB31874-9E54-40C2-A1F0-A9F08F2C8DAA}"
EndProject
Global
	GlobalSection(SolutionConfigurationPlatforms) = preSolution
		Debug|Any CPU = Debug|Any CPU
		Release|Any CPU = Release|Any CPU
	EndGlobalSection
	GlobalSection(ProjectConfigurationPlatforms) = postSolution
		{CCB31874-9E54-40C2-A1F0-A9F08F2C8DAA}.Debug|Any CPU.ActiveCfg = Debug|Any CPU
		{CCB31874-9E54-40C2-A1F0-A9F08F2C8DAA}.Debug|Any CPU.Build.0 = Debug|Any CPU
		{CCB31874-9E54-40C2-A1F0-A9F08F2C8DAA}.Release|Any CPU.ActiveCfg = Release|Any CPU
		{CCB31874-9E54-40C2-A1F0-A9F08F2C8DAA}.Release|Any CPU.Build.0 = Release|Any CPU
	EndGlobalSection
	GlobalSection(SolutionProperties) = preSolution
		HideSolutionNode = FALSE
	EndGlobalSection
	GlobalSection(ExtensibilityGlobals) = postSolution
		SolutionGuid = {089942C9-944A-41FE-9894-0774AA25B69A}
	EndGlobalSection
EndGlobal
